
Microsoft Visual Studio Solution File, Format Version 12.00
# Visual Studio 15
VisualStudioVersion = 15.0.28307.1500
MinimumVisualStudioVersion = 10.0.40219.1
Project("{FAE04EC0-301F-11D3-BF4B-00C04F79EFBC}") = "DoAN_QLKhachSan", "DoAN_QLKhachSan\DoAN_QLKhachSan.csproj", "{E55522C2-7565-4CA5-9CE0-C9B7183815EA}"
EndProject
Global
	GlobalSection(SolutionConfigurationPlatforms) = preSolution
		Debug|Any CPU = Debug|Any CPU
		Release|Any CPU = Release|Any CPU
	EndGlobalSection
	GlobalSection(ProjectConfigurationPlatforms) = postSolution
		{E55522C2-7565-4CA5-9CE0-C9B7183815EA}.Debug|Any CPU.ActiveCfg = Debug|Any CPU
		{E55522C2-7565-4CA5-9CE0-C9B7183815EA}.Debug|Any CPU.Build.0 = Debug|Any CPU
		{E55522C2-7565-4CA5-9CE0-C9B7183815EA}.Release|Any CPU.ActiveCfg = Release|Any CPU
		{E55522C2-7565-4CA5-9CE0-C9B7183815EA}.Release|Any CPU.Build.0 = Release|Any CPU
	EndGlobalSection
	GlobalSection(SolutionProperties) = preSolution
		HideSolutionNode = FALSE
	EndGlobalSection
	GlobalSection(ExtensibilityGlobals) = postSolution
		SolutionGuid = {84B58308-6186-4192-8D7A-F984D74267D3}
	EndGlobalSection
EndGlobal
